
Microsoft Visual Studio Solution File, Format Version 12.00
# Visual Studio 15
VisualStudioVersion = 15.0.28307.271
MinimumVisualStudioVersion = 10.0.40219.1
Project("{FAE04EC0-301F-11D3-BF4B-00C04F79EFBC}") = "BMICalc", "BMICalc\BMICalc.csproj", "{D8B183E6-863D-41B2-BFF7-6785B8CA191A}"
EndProject
Global
	GlobalSection(SolutionConfigurationPlatforms) = preSolution
		Debug|Any CPU = Debug|Any CPU
		Release|Any CPU = Release|Any CPU
	EndGlobalSection
	GlobalSection(ProjectConfigurationPlatforms) = postSolution
		{D8B183E6-863D-41B2-BFF7-6785B8CA191A}.Debug|Any CPU.ActiveCfg = Debug|Any CPU
		{D8B183E6-863D-41B2-BFF7-6785B8CA191A}.Debug|Any CPU.Build.0 = Debug|Any CPU
		{D8B183E6-863D-41B2-BFF7-6785B8CA191A}.Release|Any CPU.ActiveCfg = Release|Any CPU
		{D8B183E6-863D-41B2-BFF7-6785B8CA191A}.Release|Any CPU.Build.0 = Release|Any CPU
	EndGlobalSection
	GlobalSection(SolutionProperties) = preSolution
		HideSolutionNode = FALSE
	EndGlobalSection
	GlobalSection(ExtensibilityGlobals) = postSolution
		SolutionGuid = {6053C7E2-2A2C-4E38-9452-4DBE1A4CCD4F}
	EndGlobalSection
EndGlobal
